<?xml version="1.0" encoding="utf-8"?>
<Project ToolsVersion="4.0" xmlns="http://schemas.microsoft.com/developer/msbuild/2003">
  <ItemGroup>
    <Filter Include="Source Files">
      <UniqueIdentifier>{4FC737F1-C7A5-4376-A066-2A32D752A2FF}</UniqueIdentifier>
      <Extensions>cpp;c;cc;cxx;def;odl;idl;hpj;bat;asm;asmx</Extensions>
    </Filter>
    <Filter Include="Header Files">
      <UniqueIdentifier>{93995380-89BD-4b04-88EB-625FBE52EBFB}</UniqueIdentifier>
      <Extensions>h;hh;hpp;hxx;hm;inl;inc;xsd</Extensions>
    </Filter>
    <Filter Include="Resource Files">
      <UniqueIdentifier>{67DA6AB6-F800-4c08-8B7A-83BB121AAD01}</UniqueIdentifier>
      <Extensions>rc;ico;cur;bmp;dlg;rc2;rct;bin;rgs;gif;jpg;jpeg;jpe;resx;tiff;tif;png;wav;mfcribbon-ms</Extensions>
    </Filter>
  </ItemGroup>
  <ItemGroup>
    <None Include="rc_rov_mini_payload.ino" />
  </ItemGroup>
  <ItemGroup>
    <ClInclude Include="__vm\.rc_rov_mini_payload.vsarduino.h">
      <Filter>Header Files</Filter>
    </ClInclude>
    <ClInclude Include="rov_hw_config.h">
      <Filter>Header Files</Filter>
    </ClInclude>
    <ClInclude Include="mini_payload.h">
      <Filter>Header Files</Filter>
    </ClInclude>
    <ClInclude Include="Motors.h">
      <Filter>Header Files</Filter>
    </ClInclude>
    <ClInclude Include="magnet.h">
      <Filter>Header Files</Filter>
    </ClInclude>
    <ClInclude Include="step_motor.h">
      <Filter>Header Files</Filter>
    </ClInclude>
    <ClInclude Include="base_packet_t.hpp">
      <Filter>Header Files</Filter>
    </ClInclude>
    <ClInclude Include="binary_stream.hpp">
      <Filter>Header Files</Filter>
    </ClInclude>
    <ClInclude Include="crc.hpp">
      <Filter>Header Files</Filter>
    </ClInclude>
    <ClInclude Include="rov_data_types.hpp">
      <Filter>Header Files</Filter>
    </ClInclude>
    <ClInclude Include="serializable.hpp">
      <Filter>Header Files</Filter>
    </ClInclude>
    <ClInclude Include="meta.hpp">
      <Filter>Header Files</Filter>
    </ClInclude>
    <ClInclude Include="timer.h">
      <Filter>Header Files</Filter>
    </ClInclude>
    <ClInclude Include="servo_manipulator.h">
      <Filter>Header Files</Filter>
    </ClInclude>
    <ClInclude Include="acoustics.h">
      <Filter>Header Files</Filter>
    </ClInclude>
  </ItemGroup>
  <ItemGroup>
    <ClCompile Include="rov_hw_config.cpp">
      <Filter>Source Files</Filter>
    </ClCompile>
    <ClCompile Include="mini_payload.cpp">
      <Filter>Source Files</Filter>
    </ClCompile>
    <ClCompile Include="Motors.cpp">
      <Filter>Source Files</Filter>
    </ClCompile>
    <ClCompile Include="magnet.cpp">
      <Filter>Source Files</Filter>
    </ClCompile>
    <ClCompile Include="step_motor.cpp">
      <Filter>Source Files</Filter>
    </ClCompile>
    <ClCompile Include="base_packet_t.cpp">
      <Filter>Source Files</Filter>
    </ClCompile>
    <ClCompile Include="binary_stream.cpp">
      <Filter>Source Files</Filter>
    </ClCompile>
    <ClCompile Include="crc.cpp">
      <Filter>Source Files</Filter>
    </ClCompile>
    <ClCompile Include="rov_data_types.cpp">
      <Filter>Source Files</Filter>
    </ClCompile>
    <ClCompile Include="serializable.cpp">
      <Filter>Source Files</Filter>
    </ClCompile>
    <ClCompile Include="timer.cpp">
      <Filter>Source Files</Filter>
    </ClCompile>
    <ClCompile Include="servo_manipulator.cpp">
      <Filter>Source Files</Filter>
    </ClCompile>
    <ClCompile Include="acoustics.cpp">
      <Filter>Source Files</Filter>
    </ClCompile>
  </ItemGroup>
</Project>